
Microsoft Visual Studio Solution File, Format Version 12.00
# Visual Studio Version 17
VisualStudioVersion = 17.1.32407.343
MinimumVisualStudioVersion = 10.0.40219.1
Project("{FAE04EC0-301F-11D3-BF4B-00C04F79EFBC}") = "EFCore.TrackingVsNoTracking.Console", "EFCore.TrackingVsNoTracking.Console\EFCore.TrackingVsNoTracking.Console.csproj", "{17F0FE27-19A9-427A-894E-AF91015CF2EA}"
EndProject
Global
	GlobalSection(SolutionConfigurationPlatforms) = preSolution
		Debug|Any CPU = Debug|Any CPU
		Release|Any CPU = Release|Any CPU
	EndGlobalSection
	GlobalSection(ProjectConfigurationPlatforms) = postSolution
		{17F0FE27-19A9-427A-894E-AF91015CF2EA}.Debug|Any CPU.ActiveCfg = Debug|Any CPU
		{17F0FE27-19A9-427A-894E-AF91015CF2EA}.Debug|Any CPU.Build.0 = Debug|Any CPU
		{17F0FE27-19A9-427A-894E-AF91015CF2EA}.Release|Any CPU.ActiveCfg = Release|Any CPU
		{17F0FE27-19A9-427A-894E-AF91015CF2EA}.Release|Any CPU.Build.0 = Release|Any CPU
	EndGlobalSection
	GlobalSection(SolutionProperties) = preSolution
		HideSolutionNode = FALSE
	EndGlobalSection
	GlobalSection(ExtensibilityGlobals) = postSolution
		SolutionGuid = {0E46D54B-E98B-4BE0-A7DE-8E30945D8718}
	EndGlobalSection
EndGlobal
